
Microsoft Visual Studio Solution File, Format Version 12.00
# Visual Studio Version 17
VisualStudioVersion = 17.10.35027.167
MinimumVisualStudioVersion = 10.0.40219.1
Project("{FAE04EC0-301F-11D3-BF4B-00C04F79EFBC}") = "SocketTopic", "SocketTopic\SocketTopic.csproj", "{56A1DB42-640B-41FE-9881-78A35C82B07B}"
EndProject
Project("{FAE04EC0-301F-11D3-BF4B-00C04F79EFBC}") = "ClientForm", "ClientForm\ClientForm.csproj", "{2F416191-5A11-4E19-9AA4-9D98260D20D4}"
EndProject
Project("{FAE04EC0-301F-11D3-BF4B-00C04F79EFBC}") = "ServerForm", "ServerForm\ServerForm.csproj", "{160AC40D-1AA1-4098-81A3-675511DB1521}"
EndProject
Project("{FAE04EC0-301F-11D3-BF4B-00C04F79EFBC}") = "SocketTopicTests", "SocketTopicTests\SocketTopicTests.csproj", "{D732C10A-20E7-4B9B-A2B1-776E3F204279}"
EndProject
Global
	GlobalSection(SolutionConfigurationPlatforms) = preSolution
		Debug|Any CPU = Debug|Any CPU
		Release|Any CPU = Release|Any CPU
	EndGlobalSection
	GlobalSection(ProjectConfigurationPlatforms) = postSolution
		{56A1DB42-640B-41FE-9881-78A35C82B07B}.Debug|Any CPU.ActiveCfg = Debug|Any CPU
		{56A1DB42-640B-41FE-9881-78A35C82B07B}.Debug|Any CPU.Build.0 = Debug|Any CPU
		{56A1DB42-640B-41FE-9881-78A35C82B07B}.Release|Any CPU.ActiveCfg = Release|Any CPU
		{56A1DB42-640B-41FE-9881-78A35C82B07B}.Release|Any CPU.Build.0 = Release|Any CPU
		{2F416191-5A11-4E19-9AA4-9D98260D20D4}.Debug|Any CPU.ActiveCfg = Debug|Any CPU
		{2F416191-5A11-4E19-9AA4-9D98260D20D4}.Debug|Any CPU.Build.0 = Debug|Any CPU
		{2F416191-5A11-4E19-9AA4-9D98260D20D4}.Release|Any CPU.ActiveCfg = Release|Any CPU
		{2F416191-5A11-4E19-9AA4-9D98260D20D4}.Release|Any CPU.Build.0 = Release|Any CPU
		{160AC40D-1AA1-4098-81A3-675511DB1521}.Debug|Any CPU.ActiveCfg = Debug|Any CPU
		{160AC40D-1AA1-4098-81A3-675511DB1521}.Debug|Any CPU.Build.0 = Debug|Any CPU
		{160AC40D-1AA1-4098-81A3-675511DB1521}.Release|Any CPU.ActiveCfg = Release|Any CPU
		{160AC40D-1AA1-4098-81A3-675511DB1521}.Release|Any CPU.Build.0 = Release|Any CPU
		{D732C10A-20E7-4B9B-A2B1-776E3F204279}.Debug|Any CPU.ActiveCfg = Debug|Any CPU
		{D732C10A-20E7-4B9B-A2B1-776E3F204279}.Debug|Any CPU.Build.0 = Debug|Any CPU
		{D732C10A-20E7-4B9B-A2B1-776E3F204279}.Release|Any CPU.ActiveCfg = Release|Any CPU
		{D732C10A-20E7-4B9B-A2B1-776E3F204279}.Release|Any CPU.Build.0 = Release|Any CPU
	EndGlobalSection
	GlobalSection(SolutionProperties) = preSolution
		HideSolutionNode = FALSE
	EndGlobalSection
	GlobalSection(ExtensibilityGlobals) = postSolution
		SolutionGuid = {16F87C3F-49E7-4752-A6F2-2BBE19BA2289}
	EndGlobalSection
EndGlobal
